{
  "name": "resource-pool-mjs-tests",
  "lockfileVersion": 3,
  "requires": true,
  "packages": {
    "": {
      "name": "resource-pool-mjs-tests",
      "dependencies": {
        "resource-pool": "file:../../"
      }
    },
    "../..": {
      "version": "0.2.0",
      "license": "MIT",
      "devDependencies": {
        "@emnapi/core": "^1.5.0",
        "@emnapi/runtime": "^1.5.0",
        "@napi-rs/cli": "^3.2.0",
        "@oxc-node/core": "^0.0.35",
        "@taplo/cli": "^0.7.0",
        "@tybys/wasm-util": "^0.10.0",
        "chalk": "^5.6.2",
        "husky": "^9.1.7",
        "lint-staged": "^16.1.6",
        "npm-run-all2": "^8.0.4",
        "oxlint": "^1.14.0",
        "prettier": "^3.6.2",
        "typescript": "^5.9.2"
      },
      "engines": {
        "node": ">= 12.22.0 < 13 || >= 14.17.0 < 15 || >= 15.12.0 < 16 || >= 16.0.0"
      },
      "optionalDependencies": {
        "resource-pool-android-arm-eabi": "0.2.0",
        "resource-pool-android-arm64": "0.2.0",
        "resource-pool-darwin-arm64": "0.2.0",
        "resource-pool-darwin-x64": "0.2.0",
        "resource-pool-freebsd-x64": "0.2.0",
        "resource-pool-linux-arm-gnueabihf": "0.2.0",
        "resource-pool-linux-arm64-gnu": "0.2.0",
        "resource-pool-linux-arm64-musl": "0.2.0",
        "resource-pool-linux-x64-gnu": "0.2.0",
        "resource-pool-linux-x64-musl": "0.2.0",
        "resource-pool-wasm32-wasi": "0.2.0",
        "resource-pool-win32-arm64-msvc": "0.2.0",
        "resource-pool-win32-ia32-msvc": "0.2.0",
        "resource-pool-win32-x64-msvc": "0.2.0"
      }
    },
    "node_modules/resource-pool": {
      "resolved": "../..",
      "link": true
    }
  }
}
