# This file is generated by running "yarn install" inside your project.
# Manual changes might be lost - proceed with caution!

__metadata:
  version: 8
  cacheKey: 10c0

"resource-pool-mjs-tests@workspace:.":
  version: 0.0.0-use.local
  resolution: "resource-pool-mjs-tests@workspace:."
  dependencies:
    resource-pool: "file:../../"
  languageName: unknown
  linkType: soft

"resource-pool@file:../../::locator=resource-pool-mjs-tests%40workspace%3A.":
  version: 0.2.0
  resolution: "resource-pool@file:../../#../../::hash=7b53c3&locator=resource-pool-mjs-tests%40workspace%3A."
  checksum: 10c0/29c448aa3844154a7945b9a46f029f074e6f3acda5bd012bb4d7be0ecd828f405ecfadae26f9083e92bfc487160459c212953acf8614b05f8bafdfea5eb06ceb
  languageName: node
  linkType: hard
