# This file is generated by running "yarn install" inside your project.
# Manual changes might be lost - proceed with caution!

__metadata:
  version: 8
  cacheKey: 10c0

"resource-pool-cjs-tests@workspace:.":
  version: 0.0.0-use.local
  resolution: "resource-pool-cjs-tests@workspace:."
  dependencies:
    resource-pool: "file:../../"
  languageName: unknown
  linkType: soft

"resource-pool@file:../../::locator=resource-pool-cjs-tests%40workspace%3A.":
  version: 0.2.0
  resolution: "resource-pool@file:../../#../../::hash=4281dd&locator=resource-pool-cjs-tests%40workspace%3A."
  checksum: 10c0/024d1cbb068ed634cf520047044b8393878d9801242167437a3771b64db2ce978b00a926e36e3ac2d1cc44f1851804ab2c07e2c26bd8bc3a014a7db4cc4e493b
  languageName: node
  linkType: hard
