{
  "name": "resource-pool-benchmarks",
  "version": "0.1.0",
  "lockfileVersion": 3,
  "requires": true,
  "packages": {
    "": {
      "name": "resource-pool-benchmarks",
      "version": "0.1.0",
      "dependencies": {
        "@lojhan/resource-pool": "file:..",
        "generic-pool": "^3.9.0",
        "tarn": "^3.0.2"
      }
    },
    "..": {
      "name": "@lojhan/resource-pool",
      "version": "0.6.0",
      "license": "MIT",
      "devDependencies": {
        "@emnapi/core": "^1.5.0",
        "@emnapi/runtime": "^1.5.0",
        "@napi-rs/cli": "^3.2.0",
        "@oxc-node/core": "^0.0.35",
        "@taplo/cli": "^0.7.0",
        "@tybys/wasm-util": "^0.10.0",
        "chalk": "^5.6.2",
        "husky": "^9.1.7",
        "lint-staged": "^16.1.6",
        "npm-run-all2": "^8.0.4",
        "oxlint": "^1.14.0",
        "prettier": "^3.6.2",
        "tinybench": "^6.0.0",
        "typescript": "^5.9.2"
      },
      "engines": {
        "node": ">= 12.22.0 < 13 || >= 14.17.0 < 15 || >= 15.12.0 < 16 || >= 16.0.0"
      }
    },
    "node_modules/@lojhan/resource-pool": {
      "resolved": "..",
      "link": true
    },
    "node_modules/generic-pool": {
      "version": "3.9.0",
      "resolved": "https://registry.npmjs.org/generic-pool/-/generic-pool-3.9.0.tgz",
      "integrity": "sha512-hymDOu5B53XvN4QT9dBmZxPX4CWhBPPLguTZ9MMFeFa/Kg0xWVfylOVNlJji/E7yTZWFd/q9GO5TxDLq156D7g==",
      "license": "MIT",
      "engines": {
        "node": ">= 4"
      }
    },
    "node_modules/tarn": {
      "version": "3.0.2",
      "resolved": "https://registry.npmjs.org/tarn/-/tarn-3.0.2.tgz",
      "integrity": "sha512-51LAVKUSZSVfI05vjPESNc5vwqqZpbXCsU+/+wxlOrUjk2SnFTt97v9ZgQrD4YmxYW1Px6w2KjaDitCfkvgxMQ==",
      "license": "MIT",
      "engines": {
        "node": ">=8.0.0"
      }
    }
  }
}
